
Microsoft Visual Studio Solution File, Format Version 12.00
# Visual Studio Version 17
VisualStudioVersion = 17.9.34714.143
MinimumVisualStudioVersion = 10.0.40219.1
Project("{FAE04EC0-301F-11D3-BF4B-00C04F79EFBC}") = "audit", "audit.csproj", "{E27CB90A-DB7F-460A-BCBC-D26AD2D93E37}"
EndProject
Project("{2150E333-8FDC-42A3-9474-1A3956D46DE8}") = "Solution Items", "Solution Items", "{65176367-EE82-465C-B987-79D8DA24D4D1}"
	ProjectSection(SolutionItems) = preProject
		audit.html = audit.html
	EndProjectSection
EndProject
Global
	GlobalSection(SolutionConfigurationPlatforms) = preSolution
		Debug|Any CPU = Debug|Any CPU
		Release|Any CPU = Release|Any CPU
	EndGlobalSection
	GlobalSection(ProjectConfigurationPlatforms) = postSolution
		{E27CB90A-DB7F-460A-BCBC-D26AD2D93E37}.Debug|Any CPU.ActiveCfg = Debug|Any CPU
		{E27CB90A-DB7F-460A-BCBC-D26AD2D93E37}.Debug|Any CPU.Build.0 = Debug|Any CPU
		{E27CB90A-DB7F-460A-BCBC-D26AD2D93E37}.Release|Any CPU.ActiveCfg = Release|Any CPU
		{E27CB90A-DB7F-460A-BCBC-D26AD2D93E37}.Release|Any CPU.Build.0 = Release|Any CPU
	EndGlobalSection
	GlobalSection(SolutionProperties) = preSolution
		HideSolutionNode = FALSE
	EndGlobalSection
	GlobalSection(ExtensibilityGlobals) = postSolution
		SolutionGuid = {36FEF051-A049-4FC4-B3DF-26C3F02EE04B}
	EndGlobalSection
EndGlobal
